<Solution>
  <Project Path="Calculator/Calculator.csproj" Id="81cf7177-7869-42ca-9fe0-e089f05846be" />
  <Project Path="Library/Library.csproj" Id="e6276fbf-e643-4c9d-aeeb-7cad3bd03168" />
  <Project Path="MvvmTest/MvvmTest.csproj" Id="bb1acb49-ac19-4cda-afaa-02b967cf7c02" />
  <Project Path="TestConsoleAppFW/TestConsoleApp.csproj" Id="e9b288e9-35f2-4f93-b12d-985070d23a61" />
  <Project Path="TestWpfApp/TestWpfApp.csproj" Id="f12c2355-2612-428c-a9d5-b9e9899b5258" />
  <Project Path="TradesAnalyser/TradesAnalyser.csproj" Id="19cb0518-911d-4f7a-ba9f-9258514720e2" />
</Solution>
